
Microsoft Visual Studio Solution File, Format Version 11.00
# Visual C# Express 2010
Project("{FAE04EC0-301F-11D3-BF4B-00C04F79EFBC}") = "IpeaGEO", "IpeaGEO\IpeaGEO.csproj", "{B3ADF465-A816-4A40-875B-930CE9B88BDA}"
EndProject
Project("{FAE04EC0-301F-11D3-BF4B-00C04F79EFBC}") = "IpeaSparse", "IpeaSparse\IpeaSparse\IpeaSparse.csproj", "{AB1084E3-7107-436E-B030-D354F0585CAD}"
EndProject
Project("{FAE04EC0-301F-11D3-BF4B-00C04F79EFBC}") = "IpeaMatrix", "IpeaMatrix\IpeaMatrix\IpeaMatrix.csproj", "{AF771623-0E28-4AE9-A3CF-59000FF9C69B}"
EndProject
Global
	GlobalSection(SolutionConfigurationPlatforms) = preSolution
		Debug|.NET = Debug|.NET
		Debug|Any CPU = Debug|Any CPU
		Debug|Mixed Platforms = Debug|Mixed Platforms
		Debug|x64 = Debug|x64
		Debug|x86 = Debug|x86
		Release|.NET = Release|.NET
		Release|Any CPU = Release|Any CPU
		Release|Mixed Platforms = Release|Mixed Platforms
		Release|x64 = Release|x64
		Release|x86 = Release|x86
	EndGlobalSection
	GlobalSection(ProjectConfigurationPlatforms) = postSolution
		{B3ADF465-A816-4A40-875B-930CE9B88BDA}.Debug|.NET.ActiveCfg = Debug|Any CPU
		{B3ADF465-A816-4A40-875B-930CE9B88BDA}.Debug|Any CPU.ActiveCfg = Debug|Any CPU
		{B3ADF465-A816-4A40-875B-930CE9B88BDA}.Debug|Any CPU.Build.0 = Debug|Any CPU
		{B3ADF465-A816-4A40-875B-930CE9B88BDA}.Debug|Mixed Platforms.ActiveCfg = Debug|Any CPU
		{B3ADF465-A816-4A40-875B-930CE9B88BDA}.Debug|Mixed Platforms.Build.0 = Debug|Any CPU
		{B3ADF465-A816-4A40-875B-930CE9B88BDA}.Debug|x64.ActiveCfg = Debug|Any CPU
		{B3ADF465-A816-4A40-875B-930CE9B88BDA}.Debug|x86.ActiveCfg = Debug|Any CPU
		{B3ADF465-A816-4A40-875B-930CE9B88BDA}.Release|.NET.ActiveCfg = Release|Any CPU
		{B3ADF465-A816-4A40-875B-930CE9B88BDA}.Release|Any CPU.ActiveCfg = Release|Any CPU
		{B3ADF465-A816-4A40-875B-930CE9B88BDA}.Release|Mixed Platforms.ActiveCfg = Release|Any CPU
		{B3ADF465-A816-4A40-875B-930CE9B88BDA}.Release|Mixed Platforms.Build.0 = Release|Any CPU
		{B3ADF465-A816-4A40-875B-930CE9B88BDA}.Release|x64.ActiveCfg = Release|Any CPU
		{B3ADF465-A816-4A40-875B-930CE9B88BDA}.Release|x86.ActiveCfg = Release|Any CPU
		{AB1084E3-7107-436E-B030-D354F0585CAD}.Debug|.NET.ActiveCfg = Debug|Any CPU
		{AB1084E3-7107-436E-B030-D354F0585CAD}.Debug|Any CPU.ActiveCfg = Debug|Any CPU
		{AB1084E3-7107-436E-B030-D354F0585CAD}.Debug|Mixed Platforms.ActiveCfg = Debug|Any CPU
		{AB1084E3-7107-436E-B030-D354F0585CAD}.Debug|x64.ActiveCfg = Debug|Any CPU
		{AB1084E3-7107-436E-B030-D354F0585CAD}.Debug|x86.ActiveCfg = Debug|Any CPU
		{AB1084E3-7107-436E-B030-D354F0585CAD}.Release|.NET.ActiveCfg = Release|Any CPU
		{AB1084E3-7107-436E-B030-D354F0585CAD}.Release|Any CPU.ActiveCfg = Release|Any CPU
		{AB1084E3-7107-436E-B030-D354F0585CAD}.Release|Mixed Platforms.ActiveCfg = Release|Any CPU
		{AB1084E3-7107-436E-B030-D354F0585CAD}.Release|x64.ActiveCfg = Release|Any CPU
		{AB1084E3-7107-436E-B030-D354F0585CAD}.Release|x86.ActiveCfg = Release|Any CPU
		{AF771623-0E28-4AE9-A3CF-59000FF9C69B}.Debug|.NET.ActiveCfg = Debug|Any CPU
		{AF771623-0E28-4AE9-A3CF-59000FF9C69B}.Debug|Any CPU.ActiveCfg = Debug|Any CPU
		{AF771623-0E28-4AE9-A3CF-59000FF9C69B}.Debug|Any CPU.Build.0 = Debug|Any CPU
		{AF771623-0E28-4AE9-A3CF-59000FF9C69B}.Debug|Mixed Platforms.ActiveCfg = Debug|Any CPU
		{AF771623-0E28-4AE9-A3CF-59000FF9C69B}.Debug|x64.ActiveCfg = Debug|Any CPU
		{AF771623-0E28-4AE9-A3CF-59000FF9C69B}.Debug|x86.ActiveCfg = Debug|Any CPU
		{AF771623-0E28-4AE9-A3CF-59000FF9C69B}.Release|.NET.ActiveCfg = Release|Any CPU
		{AF771623-0E28-4AE9-A3CF-59000FF9C69B}.Release|Any CPU.ActiveCfg = Release|Any CPU
		{AF771623-0E28-4AE9-A3CF-59000FF9C69B}.Release|Any CPU.Build.0 = Release|Any CPU
		{AF771623-0E28-4AE9-A3CF-59000FF9C69B}.Release|Mixed Platforms.ActiveCfg = Release|Any CPU
		{AF771623-0E28-4AE9-A3CF-59000FF9C69B}.Release|x64.ActiveCfg = Release|Any CPU
		{AF771623-0E28-4AE9-A3CF-59000FF9C69B}.Release|x86.ActiveCfg = Release|Any CPU
	EndGlobalSection
	GlobalSection(SolutionProperties) = preSolution
		HideSolutionNode = FALSE
	EndGlobalSection
	GlobalSection(MonoDevelopProperties) = preSolution
		StartupItem = R.NET\R.NET.csproj
	EndGlobalSection
EndGlobal
